
Microsoft Visual Studio Solution File, Format Version 12.00
# Visual Studio Version 17
VisualStudioVersion = 17.14.36121.58 d17.14
MinimumVisualStudioVersion = 10.0.40219.1
Project("{FAE04EC0-301F-11D3-BF4B-00C04F79EFBC}") = "MealTracker", "MealTracker\MealTracker.csproj", "{8C8F80B3-5465-467A-BDB0-23D72D92A01D}"
EndProject
Global
	GlobalSection(SolutionConfigurationPlatforms) = preSolution
		Debug|Any CPU = Debug|Any CPU
		Release|Any CPU = Release|Any CPU
	EndGlobalSection
	GlobalSection(ProjectConfigurationPlatforms) = postSolution
		{8C8F80B3-5465-467A-BDB0-23D72D92A01D}.Debug|Any CPU.ActiveCfg = Debug|Any CPU
		{8C8F80B3-5465-467A-BDB0-23D72D92A01D}.Debug|Any CPU.Build.0 = Debug|Any CPU
		{8C8F80B3-5465-467A-BDB0-23D72D92A01D}.Release|Any CPU.ActiveCfg = Release|Any CPU
		{8C8F80B3-5465-467A-BDB0-23D72D92A01D}.Release|Any CPU.Build.0 = Release|Any CPU
	EndGlobalSection
	GlobalSection(SolutionProperties) = preSolution
		HideSolutionNode = FALSE
	EndGlobalSection
	GlobalSection(ExtensibilityGlobals) = postSolution
		SolutionGuid = {6F6FD836-80B4-4CE9-96A5-CD5D717623E6}
	EndGlobalSection
EndGlobal
